
Microsoft Visual Studio Solution File, Format Version 12.00
# Visual Studio Version 17
VisualStudioVersion = 17.8.34330.188
MinimumVisualStudioVersion = 10.0.40219.1
Project("{FAE04EC0-301F-11D3-BF4B-00C04F79EFBC}") = "InventoryMenegementSystem", "InventoryMenegementSystem.csproj", "{B3A23E59-5BEE-4173-B53D-EEB0F1617F32}"
EndProject
Global
	GlobalSection(SolutionConfigurationPlatforms) = preSolution
		Debug|Any CPU = Debug|Any CPU
		Release|Any CPU = Release|Any CPU
	EndGlobalSection
	GlobalSection(ProjectConfigurationPlatforms) = postSolution
		{B3A23E59-5BEE-4173-B53D-EEB0F1617F32}.Debug|Any CPU.ActiveCfg = Debug|Any CPU
		{B3A23E59-5BEE-4173-B53D-EEB0F1617F32}.Debug|Any CPU.Build.0 = Debug|Any CPU
		{B3A23E59-5BEE-4173-B53D-EEB0F1617F32}.Release|Any CPU.ActiveCfg = Release|Any CPU
		{B3A23E59-5BEE-4173-B53D-EEB0F1617F32}.Release|Any CPU.Build.0 = Release|Any CPU
	EndGlobalSection
	GlobalSection(SolutionProperties) = preSolution
		HideSolutionNode = FALSE
	EndGlobalSection
	GlobalSection(ExtensibilityGlobals) = postSolution
		SolutionGuid = {DFDF965A-B628-4580-B8FF-9239A4B45FE3}
	EndGlobalSection
EndGlobal
